
Microsoft Visual Studio Solution File, Format Version 12.00
# Visual Studio Version 16
VisualStudioVersion = 16.0.31410.357
MinimumVisualStudioVersion = 10.0.40219.1
Project("{9A19103F-16F7-4668-BE54-9A1E7A4F7556}") = "KeyboardSimulator", "KeyboardSimulator\KeyboardSimulator.csproj", "{809D8AF0-E90B-4959-92ED-7A21B9ADF7C8}"
EndProject
Global
	GlobalSection(SolutionConfigurationPlatforms) = preSolution
		Debug|Any CPU = Debug|Any CPU
		Release|Any CPU = Release|Any CPU
	EndGlobalSection
	GlobalSection(ProjectConfigurationPlatforms) = postSolution
		{809D8AF0-E90B-4959-92ED-7A21B9ADF7C8}.Debug|Any CPU.ActiveCfg = Debug|Any CPU
		{809D8AF0-E90B-4959-92ED-7A21B9ADF7C8}.Debug|Any CPU.Build.0 = Debug|Any CPU
		{809D8AF0-E90B-4959-92ED-7A21B9ADF7C8}.Release|Any CPU.ActiveCfg = Release|Any CPU
		{809D8AF0-E90B-4959-92ED-7A21B9ADF7C8}.Release|Any CPU.Build.0 = Release|Any CPU
	EndGlobalSection
	GlobalSection(SolutionProperties) = preSolution
		HideSolutionNode = FALSE
	EndGlobalSection
	GlobalSection(ExtensibilityGlobals) = postSolution
		SolutionGuid = {95A564C0-0DDA-4A86-8D8A-565C122F4478}
	EndGlobalSection
EndGlobal
